
Microsoft Visual Studio Solution File, Format Version 12.00
# Visual Studio Version 16
VisualStudioVersion = 16.0.28803.202
MinimumVisualStudioVersion = 10.0.40219.1
Project("{FAE04EC0-301F-11D3-BF4B-00C04F79EFBC}") = "ApiTeste", "ApiTeste\ApiTeste.csproj", "{97004DB8-4349-4B67-8B20-2667FFBAF898}"
EndProject
Global
	GlobalSection(SolutionConfigurationPlatforms) = preSolution
		Debug|Any CPU = Debug|Any CPU
		Release|Any CPU = Release|Any CPU
	EndGlobalSection
	GlobalSection(ProjectConfigurationPlatforms) = postSolution
		{97004DB8-4349-4B67-8B20-2667FFBAF898}.Debug|Any CPU.ActiveCfg = Debug|Any CPU
		{97004DB8-4349-4B67-8B20-2667FFBAF898}.Debug|Any CPU.Build.0 = Debug|Any CPU
		{97004DB8-4349-4B67-8B20-2667FFBAF898}.Release|Any CPU.ActiveCfg = Release|Any CPU
		{97004DB8-4349-4B67-8B20-2667FFBAF898}.Release|Any CPU.Build.0 = Release|Any CPU
	EndGlobalSection
	GlobalSection(SolutionProperties) = preSolution
		HideSolutionNode = FALSE
	EndGlobalSection
	GlobalSection(ExtensibilityGlobals) = postSolution
		SolutionGuid = {F1EB5807-1F47-49F2-AE71-9CF474E72A39}
	EndGlobalSection
EndGlobal
